
Microsoft Visual Studio Solution File, Format Version 12.00
# Visual Studio Version 17
VisualStudioVersion = 17.4.33110.190
MinimumVisualStudioVersion = 10.0.40219.1
Project("{9A19103F-16F7-4668-BE54-9A1E7A4F7556}") = "Misc", "Misc\Misc.csproj", "{F81CB340-A4A9-43CE-8771-D5412AF21B88}"
EndProject
Project("{9A19103F-16F7-4668-BE54-9A1E7A4F7556}") = "MiscMSTest", "MiscMSTest\MiscMSTest.csproj", "{42FAF366-E8CF-4EC8-BF0D-FA4CE12B844F}"
EndProject
Project("{9A19103F-16F7-4668-BE54-9A1E7A4F7556}") = "MiscNUnitTest", "MiscNUnitTest\MiscNUnitTest.csproj", "{7E799216-0044-41C8-9EA5-A39B4DCD952D}"
EndProject
Project("{9A19103F-16F7-4668-BE54-9A1E7A4F7556}") = "MiscXUnitTest", "MiscXUnitTest\MiscXUnitTest.csproj", "{F2B26515-80C5-4DEA-AB9D-D9128A9160E6}"
EndProject
Project("{2150E333-8FDC-42A3-9474-1A3956D46DE8}") = "Basics", "Basics", "{48AEAF5B-B1C5-4C98-BA89-9B14815ACE67}"
EndProject
Project("{2150E333-8FDC-42A3-9474-1A3956D46DE8}") = "Main", "Main", "{2D502EC1-3BD8-4859-9AD7-6CEE948ED867}"
EndProject
Project("{9A19103F-16F7-4668-BE54-9A1E7A4F7556}") = "Bongo.Core", "Bongo.App\Bongo.Core\Bongo.Core.csproj", "{F8167A9D-FB7E-42C0-B574-B57F03632DDD}"
EndProject
Project("{9A19103F-16F7-4668-BE54-9A1E7A4F7556}") = "Bongo.DataAccess", "Bongo.App\Bongo.DataAccess\Bongo.DataAccess.csproj", "{E6D967EC-3091-4B0A-8167-AF7E411A8514}"
EndProject
Project("{9A19103F-16F7-4668-BE54-9A1E7A4F7556}") = "Bongo.Models", "Bongo.App\Bongo.Models\Bongo.Models.csproj", "{BF5A8CF3-0F17-4AB4-A1D2-1964ACF857F9}"
EndProject
Project("{9A19103F-16F7-4668-BE54-9A1E7A4F7556}") = "Bongo.Web", "Bongo.App\Bongo.Web\Bongo.Web.csproj", "{E14A2B60-8D98-4BB2-ADAC-E67BB2FE33AF}"
EndProject
Project("{9A19103F-16F7-4668-BE54-9A1E7A4F7556}") = "Bongo.Models.Tests", "Bongo.Models.Tests\Bongo.Models.Tests.csproj", "{8E6245B1-9017-4290-989D-297863169D44}"
EndProject
Project("{FAE04EC0-301F-11D3-BF4B-00C04F79EFBC}") = "Bongo.DataAccess.Tests", "Bongo.DataAccess.Tests\Bongo.DataAccess.Tests.csproj", "{24147C70-6BB3-47C4-B19C-04EE2487648A}"
EndProject
Project("{FAE04EC0-301F-11D3-BF4B-00C04F79EFBC}") = "Bongo.Core.Tests", "Bongo.Core.Tests\Bongo.Core.Tests.csproj", "{243A4B61-7C25-4A6B-B8ED-1B6C3E315E6B}"
EndProject
Project("{FAE04EC0-301F-11D3-BF4B-00C04F79EFBC}") = "Bongo.Web.Tests", "Bongo.Web.Tests\Bongo.Web.Tests.csproj", "{88C61C97-4616-4A53-814B-1D1597874504}"
EndProject
Global
	GlobalSection(SolutionConfigurationPlatforms) = preSolution
		Debug|Any CPU = Debug|Any CPU
		Release|Any CPU = Release|Any CPU
	EndGlobalSection
	GlobalSection(ProjectConfigurationPlatforms) = postSolution
		{F81CB340-A4A9-43CE-8771-D5412AF21B88}.Debug|Any CPU.ActiveCfg = Debug|Any CPU
		{F81CB340-A4A9-43CE-8771-D5412AF21B88}.Debug|Any CPU.Build.0 = Debug|Any CPU
		{F81CB340-A4A9-43CE-8771-D5412AF21B88}.Release|Any CPU.ActiveCfg = Release|Any CPU
		{F81CB340-A4A9-43CE-8771-D5412AF21B88}.Release|Any CPU.Build.0 = Release|Any CPU
		{42FAF366-E8CF-4EC8-BF0D-FA4CE12B844F}.Debug|Any CPU.ActiveCfg = Debug|Any CPU
		{42FAF366-E8CF-4EC8-BF0D-FA4CE12B844F}.Debug|Any CPU.Build.0 = Debug|Any CPU
		{42FAF366-E8CF-4EC8-BF0D-FA4CE12B844F}.Release|Any CPU.ActiveCfg = Release|Any CPU
		{42FAF366-E8CF-4EC8-BF0D-FA4CE12B844F}.Release|Any CPU.Build.0 = Release|Any CPU
		{7E799216-0044-41C8-9EA5-A39B4DCD952D}.Debug|Any CPU.ActiveCfg = Debug|Any CPU
		{7E799216-0044-41C8-9EA5-A39B4DCD952D}.Debug|Any CPU.Build.0 = Debug|Any CPU
		{7E799216-0044-41C8-9EA5-A39B4DCD952D}.Release|Any CPU.ActiveCfg = Release|Any CPU
		{7E799216-0044-41C8-9EA5-A39B4DCD952D}.Release|Any CPU.Build.0 = Release|Any CPU
		{F2B26515-80C5-4DEA-AB9D-D9128A9160E6}.Debug|Any CPU.ActiveCfg = Debug|Any CPU
		{F2B26515-80C5-4DEA-AB9D-D9128A9160E6}.Debug|Any CPU.Build.0 = Debug|Any CPU
		{F2B26515-80C5-4DEA-AB9D-D9128A9160E6}.Release|Any CPU.ActiveCfg = Release|Any CPU
		{F2B26515-80C5-4DEA-AB9D-D9128A9160E6}.Release|Any CPU.Build.0 = Release|Any CPU
		{F8167A9D-FB7E-42C0-B574-B57F03632DDD}.Debug|Any CPU.ActiveCfg = Debug|Any CPU
		{F8167A9D-FB7E-42C0-B574-B57F03632DDD}.Debug|Any CPU.Build.0 = Debug|Any CPU
		{F8167A9D-FB7E-42C0-B574-B57F03632DDD}.Release|Any CPU.ActiveCfg = Release|Any CPU
		{F8167A9D-FB7E-42C0-B574-B57F03632DDD}.Release|Any CPU.Build.0 = Release|Any CPU
		{E6D967EC-3091-4B0A-8167-AF7E411A8514}.Debug|Any CPU.ActiveCfg = Debug|Any CPU
		{E6D967EC-3091-4B0A-8167-AF7E411A8514}.Debug|Any CPU.Build.0 = Debug|Any CPU
		{E6D967EC-3091-4B0A-8167-AF7E411A8514}.Release|Any CPU.ActiveCfg = Release|Any CPU
		{E6D967EC-3091-4B0A-8167-AF7E411A8514}.Release|Any CPU.Build.0 = Release|Any CPU
		{BF5A8CF3-0F17-4AB4-A1D2-1964ACF857F9}.Debug|Any CPU.ActiveCfg = Debug|Any CPU
		{BF5A8CF3-0F17-4AB4-A1D2-1964ACF857F9}.Debug|Any CPU.Build.0 = Debug|Any CPU
		{BF5A8CF3-0F17-4AB4-A1D2-1964ACF857F9}.Release|Any CPU.ActiveCfg = Release|Any CPU
		{BF5A8CF3-0F17-4AB4-A1D2-1964ACF857F9}.Release|Any CPU.Build.0 = Release|Any CPU
		{E14A2B60-8D98-4BB2-ADAC-E67BB2FE33AF}.Debug|Any CPU.ActiveCfg = Debug|Any CPU
		{E14A2B60-8D98-4BB2-ADAC-E67BB2FE33AF}.Debug|Any CPU.Build.0 = Debug|Any CPU
		{E14A2B60-8D98-4BB2-ADAC-E67BB2FE33AF}.Release|Any CPU.ActiveCfg = Release|Any CPU
		{E14A2B60-8D98-4BB2-ADAC-E67BB2FE33AF}.Release|Any CPU.Build.0 = Release|Any CPU
		{8E6245B1-9017-4290-989D-297863169D44}.Debug|Any CPU.ActiveCfg = Debug|Any CPU
		{8E6245B1-9017-4290-989D-297863169D44}.Debug|Any CPU.Build.0 = Debug|Any CPU
		{8E6245B1-9017-4290-989D-297863169D44}.Release|Any CPU.ActiveCfg = Release|Any CPU
		{8E6245B1-9017-4290-989D-297863169D44}.Release|Any CPU.Build.0 = Release|Any CPU
		{24147C70-6BB3-47C4-B19C-04EE2487648A}.Debug|Any CPU.ActiveCfg = Debug|Any CPU
		{24147C70-6BB3-47C4-B19C-04EE2487648A}.Debug|Any CPU.Build.0 = Debug|Any CPU
		{24147C70-6BB3-47C4-B19C-04EE2487648A}.Release|Any CPU.ActiveCfg = Release|Any CPU
		{24147C70-6BB3-47C4-B19C-04EE2487648A}.Release|Any CPU.Build.0 = Release|Any CPU
		{243A4B61-7C25-4A6B-B8ED-1B6C3E315E6B}.Debug|Any CPU.ActiveCfg = Debug|Any CPU
		{243A4B61-7C25-4A6B-B8ED-1B6C3E315E6B}.Debug|Any CPU.Build.0 = Debug|Any CPU
		{243A4B61-7C25-4A6B-B8ED-1B6C3E315E6B}.Release|Any CPU.ActiveCfg = Release|Any CPU
		{243A4B61-7C25-4A6B-B8ED-1B6C3E315E6B}.Release|Any CPU.Build.0 = Release|Any CPU
		{88C61C97-4616-4A53-814B-1D1597874504}.Debug|Any CPU.ActiveCfg = Debug|Any CPU
		{88C61C97-4616-4A53-814B-1D1597874504}.Debug|Any CPU.Build.0 = Debug|Any CPU
		{88C61C97-4616-4A53-814B-1D1597874504}.Release|Any CPU.ActiveCfg = Release|Any CPU
		{88C61C97-4616-4A53-814B-1D1597874504}.Release|Any CPU.Build.0 = Release|Any CPU
	EndGlobalSection
	GlobalSection(SolutionProperties) = preSolution
		HideSolutionNode = FALSE
	EndGlobalSection
	GlobalSection(NestedProjects) = preSolution
		{F81CB340-A4A9-43CE-8771-D5412AF21B88} = {48AEAF5B-B1C5-4C98-BA89-9B14815ACE67}
		{42FAF366-E8CF-4EC8-BF0D-FA4CE12B844F} = {48AEAF5B-B1C5-4C98-BA89-9B14815ACE67}
		{7E799216-0044-41C8-9EA5-A39B4DCD952D} = {48AEAF5B-B1C5-4C98-BA89-9B14815ACE67}
		{F2B26515-80C5-4DEA-AB9D-D9128A9160E6} = {48AEAF5B-B1C5-4C98-BA89-9B14815ACE67}
		{F8167A9D-FB7E-42C0-B574-B57F03632DDD} = {2D502EC1-3BD8-4859-9AD7-6CEE948ED867}
		{E6D967EC-3091-4B0A-8167-AF7E411A8514} = {2D502EC1-3BD8-4859-9AD7-6CEE948ED867}
		{BF5A8CF3-0F17-4AB4-A1D2-1964ACF857F9} = {2D502EC1-3BD8-4859-9AD7-6CEE948ED867}
		{E14A2B60-8D98-4BB2-ADAC-E67BB2FE33AF} = {2D502EC1-3BD8-4859-9AD7-6CEE948ED867}
		{8E6245B1-9017-4290-989D-297863169D44} = {2D502EC1-3BD8-4859-9AD7-6CEE948ED867}
		{24147C70-6BB3-47C4-B19C-04EE2487648A} = {2D502EC1-3BD8-4859-9AD7-6CEE948ED867}
		{243A4B61-7C25-4A6B-B8ED-1B6C3E315E6B} = {2D502EC1-3BD8-4859-9AD7-6CEE948ED867}
		{88C61C97-4616-4A53-814B-1D1597874504} = {2D502EC1-3BD8-4859-9AD7-6CEE948ED867}
	EndGlobalSection
	GlobalSection(ExtensibilityGlobals) = postSolution
		SolutionGuid = {8196A171-D349-481B-9F14-5D5B36B3B54F}
	EndGlobalSection
EndGlobal
